// !$*UTF8*$!
{
	archiveVersion = 1;
	classes = {
	};
	objectVersion = 52;
	objects = {

/* Begin PBXBuildFile section */
		0250E50826C0D63000F976E9 /* PhotoApp.swift in Sources */ = {isa = PBXBuildFile; fileRef = 0250E50726C0D63000F976E9 /* PhotoApp.swift */; };
		0250E50A26C0D63000F976E9 /* RootView.swift in Sources */ = {isa = PBXBuildFile; fileRef = 0250E50926C0D63000F976E9 /* RootView.swift */; };
		0250E50C26C0D63200F976E9 /* Assets.xcassets in Resources */ = {isa = PBXBuildFile; fileRef = 0250E50B26C0D63200F976E9 /* Assets.xcassets */; };
		0250E50F26C0D63200F976E9 /* Preview Assets.xcassets in Resources */ = {isa = PBXBuildFile; fileRef = 0250E50E26C0D63200F976E9 /* Preview Assets.xcassets */; };
		0250E51726C0D6C900F976E9 /* PhotosManager.swift in Sources */ = {isa = PBXBuildFile; fileRef = 0250E51626C0D6C900F976E9 /* PhotosManager.swift */; };
		0250E51C26C0D92F00F976E9 /* ComposableArchitecture in Frameworks */ = {isa = PBXBuildFile; productRef = 0250E51B26C0D92F00F976E9 /* ComposableArchitecture */; };
		0250E51E26C0E4D900F976E9 /* AssetListView.swift in Sources */ = {isa = PBXBuildFile; fileRef = 0250E51D26C0E4D900F976E9 /* AssetListView.swift */; };
		0250E52026C0E4ED00F976E9 /* SettingView.swift in Sources */ = {isa = PBXBuildFile; fileRef = 0250E51F26C0E4ED00F976E9 /* SettingView.swift */; };
		0250E52326C0F7E500F976E9 /* SharedDataStoreManager.swift in Sources */ = {isa = PBXBuildFile; fileRef = 0250E52226C0F7E500F976E9 /* SharedDataStoreManager.swift */; };
		0250E52626C0F99B00F976E9 /* SharedPhoto.swift in Sources */ = {isa = PBXBuildFile; fileRef = 0250E52526C0F99B00F976E9 /* SharedPhoto.swift */; };
		0250E52A26C1050C00F976E9 /* Realm in Frameworks */ = {isa = PBXBuildFile; productRef = 0250E52926C1050C00F976E9 /* Realm */; };
		0250E52C26C1050C00F976E9 /* RealmSwift in Frameworks */ = {isa = PBXBuildFile; productRef = 0250E52B26C1050C00F976E9 /* RealmSwift */; };
		0250E52E26C11B4C00F976E9 /* WidgetIntent.swift in Sources */ = {isa = PBXBuildFile; fileRef = 0250E52D26C11B4C00F976E9 /* WidgetIntent.swift */; };
		0250E53726C128E200F976E9 /* WidgetKit.framework in Frameworks */ = {isa = PBXBuildFile; fileRef = 0250E53626C128E200F976E9 /* WidgetKit.framework */; };
		0250E53926C128E200F976E9 /* SwiftUI.framework in Frameworks */ = {isa = PBXBuildFile; fileRef = 0250E53826C128E200F976E9 /* SwiftUI.framework */; };
		0250E53C26C128E200F976E9 /* Widget.swift in Sources */ = {isa = PBXBuildFile; fileRef = 0250E53B26C128E200F976E9 /* Widget.swift */; };
		0250E53F26C128E400F976E9 /* Assets.xcassets in Resources */ = {isa = PBXBuildFile; fileRef = 0250E53E26C128E300F976E9 /* Assets.xcassets */; };
		0250E54126C128E400F976E9 /* Widget.intentdefinition in Sources */ = {isa = PBXBuildFile; fileRef = 0250E53D26C128E200F976E9 /* Widget.intentdefinition */; };
		0250E54226C128E400F976E9 /* Widget.intentdefinition in Sources */ = {isa = PBXBuildFile; fileRef = 0250E53D26C128E200F976E9 /* Widget.intentdefinition */; };
		0250E54526C128E400F976E9 /* WidgetExtension.appex in Embed App Extensions */ = {isa = PBXBuildFile; fileRef = 0250E53526C128E200F976E9 /* WidgetExtension.appex */; settings = {ATTRIBUTES = (RemoveHeadersOnCopy, ); }; };
		0250E54C26C1349D00F976E9 /* WidgetIntent.swift in Sources */ = {isa = PBXBuildFile; fileRef = 0250E52D26C11B4C00F976E9 /* WidgetIntent.swift */; };
		0250E54D26C1349D00F976E9 /* SharedDataStoreManager.swift in Sources */ = {isa = PBXBuildFile; fileRef = 0250E52226C0F7E500F976E9 /* SharedDataStoreManager.swift */; };
		0250E54E26C1349D00F976E9 /* SharedPhoto.swift in Sources */ = {isa = PBXBuildFile; fileRef = 0250E52526C0F99B00F976E9 /* SharedPhoto.swift */; };
		0250E55026C1359400F976E9 /* Realm in Frameworks */ = {isa = PBXBuildFile; productRef = 0250E54F26C1359400F976E9 /* Realm */; };
		0250E55226C1359400F976E9 /* RealmSwift in Frameworks */ = {isa = PBXBuildFile; productRef = 0250E55126C1359400F976E9 /* RealmSwift */; };
		0250E55526C1746F00F976E9 /* WidgetBundle.swift in Sources */ = {isa = PBXBuildFile; fileRef = 0250E55326C1743700F976E9 /* WidgetBundle.swift */; };
		02B01D7D270AFBA40065F94E /* Assets.xcassets in Resources */ = {isa = PBXBuildFile; fileRef = 0250E50B26C0D63200F976E9 /* Assets.xcassets */; };
		02B01D7E270AFBAA0065F94E /* Assets.xcassets in Resources */ = {isa = PBXBuildFile; fileRef = 0250E53E26C128E300F976E9 /* Assets.xcassets */; };
		02BCF7D626C8C2EB0015C852 /* Intents.framework in Frameworks */ = {isa = PBXBuildFile; fileRef = 02BCF7D526C8C2EB0015C852 /* Intents.framework */; };
		02BCF7D926C8C2EB0015C852 /* IntentHandler.swift in Sources */ = {isa = PBXBuildFile; fileRef = 02BCF7D826C8C2EB0015C852 /* IntentHandler.swift */; };
		02BCF7DD26C8C2EB0015C852 /* Intent.appex in Embed App Extensions */ = {isa = PBXBuildFile; fileRef = 02BCF7D426C8C2EB0015C852 /* Intent.appex */; settings = {ATTRIBUTES = (RemoveHeadersOnCopy, ); }; };
		02BCF7E126C8C3B30015C852 /* Widget.intentdefinition in Sources */ = {isa = PBXBuildFile; fileRef = 0250E53D26C128E200F976E9 /* Widget.intentdefinition */; };
		02BCF7E226C8C5580015C852 /* SharedPhoto.swift in Sources */ = {isa = PBXBuildFile; fileRef = 0250E52526C0F99B00F976E9 /* SharedPhoto.swift */; };
		02BCF7E326C8C5580015C852 /* WidgetIntent.swift in Sources */ = {isa = PBXBuildFile; fileRef = 0250E52D26C11B4C00F976E9 /* WidgetIntent.swift */; };
		02BCF7E426C8C5580015C852 /* SharedDataStoreManager.swift in Sources */ = {isa = PBXBuildFile; fileRef = 0250E52226C0F7E500F976E9 /* SharedDataStoreManager.swift */; };
		02BCF7E626C8CDFD0015C852 /* Realm in Frameworks */ = {isa = PBXBuildFile; productRef = 02BCF7E526C8CDFD0015C852 /* Realm */; };
		02BCF7E826C8CDFD0015C852 /* RealmSwift in Frameworks */ = {isa = PBXBuildFile; productRef = 02BCF7E726C8CDFD0015C852 /* RealmSwift */; };
		02C97F8326D22AC500560E88 /* Colors.xcassets in Resources */ = {isa = PBXBuildFile; fileRef = 02C97F8226D22AC500560E88 /* Colors.xcassets */; };
		02CED36E270B0DFD006EC23C /* CropView.swift in Sources */ = {isa = PBXBuildFile; fileRef = 02CED36D270B0DFD006EC23C /* CropView.swift */; };
		02CED371270B0F10006EC23C /* SDWebImageSwiftUI in Frameworks */ = {isa = PBXBuildFile; productRef = 02CED370270B0F10006EC23C /* SDWebImageSwiftUI */; };
		02CED374270B2FEE006EC23C /* UIView+Image.swift in Sources */ = {isa = PBXBuildFile; fileRef = 02CED373270B2FEE006EC23C /* UIView+Image.swift */; };
/* End PBXBuildFile section */

/* Begin PBXContainerItemProxy section */
		0250E54326C128E400F976E9 /* PBXContainerItemProxy */ = {
			isa = PBXContainerItemProxy;
			containerPortal = 0250E4FC26C0D63000F976E9 /* Project object */;
			proxyType = 1;
			remoteGlobalIDString = 0250E53426C128E200F976E9;
			remoteInfo = WidgetExtension;
		};
		02BCF7DB26C8C2EB0015C852 /* PBXContainerItemProxy */ = {
			isa = PBXContainerItemProxy;
			containerPortal = 0250E4FC26C0D63000F976E9 /* Project object */;
			proxyType = 1;
			remoteGlobalIDString = 02BCF7D326C8C2EB0015C852;
			remoteInfo = Intent;
		};
/* End PBXContainerItemProxy section */

/* Begin PBXCopyFilesBuildPhase section */
		0250E54926C128E400F976E9 /* Embed App Extensions */ = {
			isa = PBXCopyFilesBuildPhase;
			buildActionMask = 2147483647;
			dstPath = "";
			dstSubfolderSpec = 13;
			files = (
				02BCF7DD26C8C2EB0015C852 /* Intent.appex in Embed App Extensions */,
				0250E54526C128E400F976E9 /* WidgetExtension.appex in Embed App Extensions */,
			);
			name = "Embed App Extensions";
			runOnlyForDeploymentPostprocessing = 0;
		};
/* End PBXCopyFilesBuildPhase section */

/* Begin PBXFileReference section */
		0250E50426C0D63000F976E9 /* Photo.app */ = {isa = PBXFileReference; explicitFileType = wrapper.application; includeInIndex = 0; path = Photo.app; sourceTree = BUILT_PRODUCTS_DIR; };
		0250E50726C0D63000F976E9 /* PhotoApp.swift */ = {isa = PBXFileReference; lastKnownFileType = sourcecode.swift; path = PhotoApp.swift; sourceTree = "<group>"; };
		0250E50926C0D63000F976E9 /* RootView.swift */ = {isa = PBXFileReference; lastKnownFileType = sourcecode.swift; path = RootView.swift; sourceTree = "<group>"; };
		0250E50B26C0D63200F976E9 /* Assets.xcassets */ = {isa = PBXFileReference; lastKnownFileType = folder.assetcatalog; path = Assets.xcassets; sourceTree = "<group>"; };
		0250E50E26C0D63200F976E9 /* Preview Assets.xcassets */ = {isa = PBXFileReference; lastKnownFileType = folder.assetcatalog; path = "Preview Assets.xcassets"; sourceTree = "<group>"; };
		0250E51026C0D63200F976E9 /* Info.plist */ = {isa = PBXFileReference; lastKnownFileType = text.plist.xml; path = Info.plist; sourceTree = "<group>"; };
		0250E51626C0D6C900F976E9 /* PhotosManager.swift */ = {isa = PBXFileReference; lastKnownFileType = sourcecode.swift; path = PhotosManager.swift; sourceTree = "<group>"; };
		0250E51D26C0E4D900F976E9 /* AssetListView.swift */ = {isa = PBXFileReference; lastKnownFileType = sourcecode.swift; path = AssetListView.swift; sourceTree = "<group>"; };
		0250E51F26C0E4ED00F976E9 /* SettingView.swift */ = {isa = PBXFileReference; lastKnownFileType = sourcecode.swift; path = SettingView.swift; sourceTree = "<group>"; };
		0250E52226C0F7E500F976E9 /* SharedDataStoreManager.swift */ = {isa = PBXFileReference; lastKnownFileType = sourcecode.swift; path = SharedDataStoreManager.swift; sourceTree = "<group>"; };
		0250E52526C0F99B00F976E9 /* SharedPhoto.swift */ = {isa = PBXFileReference; lastKnownFileType = sourcecode.swift; path = SharedPhoto.swift; sourceTree = "<group>"; };
		0250E52D26C11B4C00F976E9 /* WidgetIntent.swift */ = {isa = PBXFileReference; lastKnownFileType = sourcecode.swift; path = WidgetIntent.swift; sourceTree = "<group>"; };
		0250E53526C128E200F976E9 /* WidgetExtension.appex */ = {isa = PBXFileReference; explicitFileType = "wrapper.app-extension"; includeInIndex = 0; path = WidgetExtension.appex; sourceTree = BUILT_PRODUCTS_DIR; };
		0250E53626C128E200F976E9 /* WidgetKit.framework */ = {isa = PBXFileReference; lastKnownFileType = wrapper.framework; name = WidgetKit.framework; path = System/Library/Frameworks/WidgetKit.framework; sourceTree = SDKROOT; };
		0250E53826C128E200F976E9 /* SwiftUI.framework */ = {isa = PBXFileReference; lastKnownFileType = wrapper.framework; name = SwiftUI.framework; path = System/Library/Frameworks/SwiftUI.framework; sourceTree = SDKROOT; };
		0250E53B26C128E200F976E9 /* Widget.swift */ = {isa = PBXFileReference; lastKnownFileType = sourcecode.swift; path = Widget.swift; sourceTree = "<group>"; };
		0250E53D26C128E200F976E9 /* Widget.intentdefinition */ = {isa = PBXFileReference; lastKnownFileType = file.intentdefinition; path = Widget.intentdefinition; sourceTree = "<group>"; };
		0250E53E26C128E300F976E9 /* Assets.xcassets */ = {isa = PBXFileReference; lastKnownFileType = folder.assetcatalog; path = Assets.xcassets; sourceTree = "<group>"; };
		0250E54026C128E400F976E9 /* Info.plist */ = {isa = PBXFileReference; lastKnownFileType = text.plist.xml; path = Info.plist; sourceTree = "<group>"; };
		0250E54A26C1293100F976E9 /* Photo.entitlements */ = {isa = PBXFileReference; lastKnownFileType = text.plist.entitlements; path = Photo.entitlements; sourceTree = "<group>"; };
		0250E54B26C1297900F976E9 /* WidgetExtension.entitlements */ = {isa = PBXFileReference; lastKnownFileType = text.plist.entitlements; path = WidgetExtension.entitlements; sourceTree = "<group>"; };
		0250E55326C1743700F976E9 /* WidgetBundle.swift */ = {isa = PBXFileReference; lastKnownFileType = sourcecode.swift; path = WidgetBundle.swift; sourceTree = "<group>"; };
		02BCF7D426C8C2EB0015C852 /* Intent.appex */ = {isa = PBXFileReference; explicitFileType = "wrapper.app-extension"; includeInIndex = 0; path = Intent.appex; sourceTree = BUILT_PRODUCTS_DIR; };
		02BCF7D526C8C2EB0015C852 /* Intents.framework */ = {isa = PBXFileReference; lastKnownFileType = wrapper.framework; name = Intents.framework; path = System/Library/Frameworks/Intents.framework; sourceTree = SDKROOT; };
		02BCF7D826C8C2EB0015C852 /* IntentHandler.swift */ = {isa = PBXFileReference; lastKnownFileType = sourcecode.swift; path = IntentHandler.swift; sourceTree = "<group>"; };
		02BCF7DA26C8C2EB0015C852 /* Info.plist */ = {isa = PBXFileReference; lastKnownFileType = text.plist.xml; path = Info.plist; sourceTree = "<group>"; };
		02C97F8226D22AC500560E88 /* Colors.xcassets */ = {isa = PBXFileReference; lastKnownFileType = folder.assetcatalog; path = Colors.xcassets; sourceTree = "<group>"; };
		02CED36D270B0DFD006EC23C /* CropView.swift */ = {isa = PBXFileReference; lastKnownFileType = sourcecode.swift; path = CropView.swift; sourceTree = "<group>"; };
		02CED373270B2FEE006EC23C /* UIView+Image.swift */ = {isa = PBXFileReference; lastKnownFileType = sourcecode.swift; path = "UIView+Image.swift"; sourceTree = "<group>"; };
/* End PBXFileReference section */

/* Begin PBXFrameworksBuildPhase section */
		0250E50126C0D63000F976E9 /* Frameworks */ = {
			isa = PBXFrameworksBuildPhase;
			buildActionMask = 2147483647;
			files = (
				02CED371270B0F10006EC23C /* SDWebImageSwiftUI in Frameworks */,
				0250E52C26C1050C00F976E9 /* RealmSwift in Frameworks */,
				0250E52A26C1050C00F976E9 /* Realm in Frameworks */,
				0250E51C26C0D92F00F976E9 /* ComposableArchitecture in Frameworks */,
			);
			runOnlyForDeploymentPostprocessing = 0;
		};
		0250E53226C128E200F976E9 /* Frameworks */ = {
			isa = PBXFrameworksBuildPhase;
			buildActionMask = 2147483647;
			files = (
				0250E55226C1359400F976E9 /* RealmSwift in Frameworks */,
				0250E55026C1359400F976E9 /* Realm in Frameworks */,
				0250E53926C128E200F976E9 /* SwiftUI.framework in Frameworks */,
				0250E53726C128E200F976E9 /* WidgetKit.framework in Frameworks */,
			);
			runOnlyForDeploymentPostprocessing = 0;
		};
		02BCF7D126C8C2EB0015C852 /* Frameworks */ = {
			isa = PBXFrameworksBuildPhase;
			buildActionMask = 2147483647;
			files = (
				02BCF7E826C8CDFD0015C852 /* RealmSwift in Frameworks */,
				02BCF7E626C8CDFD0015C852 /* Realm in Frameworks */,
				02BCF7D626C8C2EB0015C852 /* Intents.framework in Frameworks */,
			);
			runOnlyForDeploymentPostprocessing = 0;
		};
/* End PBXFrameworksBuildPhase section */

/* Begin PBXGroup section */
		0250E4FB26C0D63000F976E9 = {
			isa = PBXGroup;
			children = (
				0250E54B26C1297900F976E9 /* WidgetExtension.entitlements */,
				0250E52126C0F7D000F976E9 /* Shared */,
				0250E50626C0D63000F976E9 /* Photo */,
				0250E53A26C128E200F976E9 /* Widget */,
				02BCF7D726C8C2EB0015C852 /* Intent */,
				0250E50526C0D63000F976E9 /* Products */,
				0250E52826C1050C00F976E9 /* Frameworks */,
			);
			sourceTree = "<group>";
		};
		0250E50526C0D63000F976E9 /* Products */ = {
			isa = PBXGroup;
			children = (
				0250E50426C0D63000F976E9 /* Photo.app */,
				0250E53526C128E200F976E9 /* WidgetExtension.appex */,
				02BCF7D426C8C2EB0015C852 /* Intent.appex */,
			);
			name = Products;
			sourceTree = "<group>";
		};
		0250E50626C0D63000F976E9 /* Photo */ = {
			isa = PBXGroup;
			children = (
				02CED375270B3192006EC23C /* PhotosManager */,
				02CED372270B2FC4006EC23C /* Extension */,
				0250E54A26C1293100F976E9 /* Photo.entitlements */,
				0250E50726C0D63000F976E9 /* PhotoApp.swift */,
				0250E50926C0D63000F976E9 /* RootView.swift */,
				0250E51D26C0E4D900F976E9 /* AssetListView.swift */,
				0250E51F26C0E4ED00F976E9 /* SettingView.swift */,
				02CED36D270B0DFD006EC23C /* CropView.swift */,
				0250E50B26C0D63200F976E9 /* Assets.xcassets */,
				02C97F8226D22AC500560E88 /* Colors.xcassets */,
				0250E51026C0D63200F976E9 /* Info.plist */,
				0250E50D26C0D63200F976E9 /* Preview Content */,
			);
			path = Photo;
			sourceTree = "<group>";
		};
		0250E50D26C0D63200F976E9 /* Preview Content */ = {
			isa = PBXGroup;
			children = (
				0250E50E26C0D63200F976E9 /* Preview Assets.xcassets */,
			);
			path = "Preview Content";
			sourceTree = "<group>";
		};
		0250E52126C0F7D000F976E9 /* Shared */ = {
			isa = PBXGroup;
			children = (
				0250E52226C0F7E500F976E9 /* SharedDataStoreManager.swift */,
				0250E52526C0F99B00F976E9 /* SharedPhoto.swift */,
				0250E52D26C11B4C00F976E9 /* WidgetIntent.swift */,
			);
			path = Shared;
			sourceTree = "<group>";
		};
		0250E52826C1050C00F976E9 /* Frameworks */ = {
			isa = PBXGroup;
			children = (
				0250E53626C128E200F976E9 /* WidgetKit.framework */,
				0250E53826C128E200F976E9 /* SwiftUI.framework */,
				02BCF7D526C8C2EB0015C852 /* Intents.framework */,
			);
			name = Frameworks;
			sourceTree = "<group>";
		};
		0250E53A26C128E200F976E9 /* Widget */ = {
			isa = PBXGroup;
			children = (
				0250E53B26C128E200F976E9 /* Widget.swift */,
				0250E55326C1743700F976E9 /* WidgetBundle.swift */,
				0250E53D26C128E200F976E9 /* Widget.intentdefinition */,
				0250E53E26C128E300F976E9 /* Assets.xcassets */,
				0250E54026C128E400F976E9 /* Info.plist */,
			);
			path = Widget;
			sourceTree = "<group>";
		};
		02BCF7D726C8C2EB0015C852 /* Intent */ = {
			isa = PBXGroup;
			children = (
				02BCF7D826C8C2EB0015C852 /* IntentHandler.swift */,
				02BCF7DA26C8C2EB0015C852 /* Info.plist */,
			);
			path = Intent;
			sourceTree = "<group>";
		};
		02CED372270B2FC4006EC23C /* Extension */ = {
			isa = PBXGroup;
			children = (
				02CED373270B2FEE006EC23C /* UIView+Image.swift */,
			);
			path = Extension;
			sourceTree = "<group>";
		};
		02CED375270B3192006EC23C /* PhotosManager */ = {
			isa = PBXGroup;
			children = (
				0250E51626C0D6C900F976E9 /* PhotosManager.swift */,
			);
			path = PhotosManager;
			sourceTree = "<group>";
		};
/* End PBXGroup section */

/* Begin PBXNativeTarget section */
		0250E50326C0D63000F976E9 /* Photo */ = {
			isa = PBXNativeTarget;
			buildConfigurationList = 0250E51326C0D63200F976E9 /* Build configuration list for PBXNativeTarget "Photo" */;
			buildPhases = (
				0250E50026C0D63000F976E9 /* Sources */,
				0250E50126C0D63000F976E9 /* Frameworks */,
				0250E50226C0D63000F976E9 /* Resources */,
				0250E54926C128E400F976E9 /* Embed App Extensions */,
			);
			buildRules = (
			);
			dependencies = (
				0250E54426C128E400F976E9 /* PBXTargetDependency */,
				02BCF7DC26C8C2EB0015C852 /* PBXTargetDependency */,
			);
			name = Photo;
			packageProductDependencies = (
				0250E51B26C0D92F00F976E9 /* ComposableArchitecture */,
				0250E52926C1050C00F976E9 /* Realm */,
				0250E52B26C1050C00F976E9 /* RealmSwift */,
				02CED370270B0F10006EC23C /* SDWebImageSwiftUI */,
			);
			productName = PhotoWidget;
			productReference = 0250E50426C0D63000F976E9 /* Photo.app */;
			productType = "com.apple.product-type.application";
		};
		0250E53426C128E200F976E9 /* WidgetExtension */ = {
			isa = PBXNativeTarget;
			buildConfigurationList = 0250E54626C128E400F976E9 /* Build configuration list for PBXNativeTarget "WidgetExtension" */;
			buildPhases = (
				0250E53126C128E200F976E9 /* Sources */,
				0250E53226C128E200F976E9 /* Frameworks */,
				0250E53326C128E200F976E9 /* Resources */,
			);
			buildRules = (
			);
			dependencies = (
			);
			name = WidgetExtension;
			packageProductDependencies = (
				0250E54F26C1359400F976E9 /* Realm */,
				0250E55126C1359400F976E9 /* RealmSwift */,
			);
			productName = WidgetExtension;
			productReference = 0250E53526C128E200F976E9 /* WidgetExtension.appex */;
			productType = "com.apple.product-type.app-extension";
		};
		02BCF7D326C8C2EB0015C852 /* Intent */ = {
			isa = PBXNativeTarget;
			buildConfigurationList = 02BCF7E026C8C2EB0015C852 /* Build configuration list for PBXNativeTarget "Intent" */;
			buildPhases = (
				02BCF7D026C8C2EB0015C852 /* Sources */,
				02BCF7D126C8C2EB0015C852 /* Frameworks */,
				02BCF7D226C8C2EB0015C852 /* Resources */,
			);
			buildRules = (
			);
			dependencies = (
			);
			name = Intent;
			packageProductDependencies = (
				02BCF7E526C8CDFD0015C852 /* Realm */,
				02BCF7E726C8CDFD0015C852 /* RealmSwift */,
			);
			productName = Intent;
			productReference = 02BCF7D426C8C2EB0015C852 /* Intent.appex */;
			productType = "com.apple.product-type.app-extension";
		};
/* End PBXNativeTarget section */

/* Begin PBXProject section */
		0250E4FC26C0D63000F976E9 /* Project object */ = {
			isa = PBXProject;
			attributes = {
				LastSwiftUpdateCheck = 1250;
				LastUpgradeCheck = 1250;
				TargetAttributes = {
					0250E50326C0D63000F976E9 = {
						CreatedOnToolsVersion = 12.5.1;
					};
					0250E53426C128E200F976E9 = {
						CreatedOnToolsVersion = 12.5.1;
					};
					02BCF7D326C8C2EB0015C852 = {
						CreatedOnToolsVersion = 12.5.1;
					};
				};
			};
			buildConfigurationList = 0250E4FF26C0D63000F976E9 /* Build configuration list for PBXProject "Photo" */;
			compatibilityVersion = "Xcode 9.3";
			developmentRegion = en;
			hasScannedForEncodings = 0;
			knownRegions = (
				en,
				Base,
			);
			mainGroup = 0250E4FB26C0D63000F976E9;
			packageReferences = (
				0250E51A26C0D92F00F976E9 /* XCRemoteSwiftPackageReference "swift-composable-architecture" */,
				0250E52726C103E600F976E9 /* XCRemoteSwiftPackageReference "realm-cocoa" */,
				02CED36F270B0F10006EC23C /* XCRemoteSwiftPackageReference "SDWebImageSwiftUI" */,
			);
			productRefGroup = 0250E50526C0D63000F976E9 /* Products */;
			projectDirPath = "";
			projectRoot = "";
			targets = (
				0250E50326C0D63000F976E9 /* Photo */,
				0250E53426C128E200F976E9 /* WidgetExtension */,
				02BCF7D326C8C2EB0015C852 /* Intent */,
			);
		};
/* End PBXProject section */

/* Begin PBXResourcesBuildPhase section */
		0250E50226C0D63000F976E9 /* Resources */ = {
			isa = PBXResourcesBuildPhase;
			buildActionMask = 2147483647;
			files = (
				02C97F8326D22AC500560E88 /* Colors.xcassets in Resources */,
				0250E50F26C0D63200F976E9 /* Preview Assets.xcassets in Resources */,
				02B01D7E270AFBAA0065F94E /* Assets.xcassets in Resources */,
				0250E50C26C0D63200F976E9 /* Assets.xcassets in Resources */,
			);
			runOnlyForDeploymentPostprocessing = 0;
		};
		0250E53326C128E200F976E9 /* Resources */ = {
			isa = PBXResourcesBuildPhase;
			buildActionMask = 2147483647;
			files = (
				02B01D7D270AFBA40065F94E /* Assets.xcassets in Resources */,
				0250E53F26C128E400F976E9 /* Assets.xcassets in Resources */,
			);
			runOnlyForDeploymentPostprocessing = 0;
		};
		02BCF7D226C8C2EB0015C852 /* Resources */ = {
			isa = PBXResourcesBuildPhase;
			buildActionMask = 2147483647;
			files = (
			);
			runOnlyForDeploymentPostprocessing = 0;
		};
/* End PBXResourcesBuildPhase section */

/* Begin PBXSourcesBuildPhase section */
		0250E50026C0D63000F976E9 /* Sources */ = {
			isa = PBXSourcesBuildPhase;
			buildActionMask = 2147483647;
			files = (
				0250E52326C0F7E500F976E9 /* SharedDataStoreManager.swift in Sources */,
				02CED36E270B0DFD006EC23C /* CropView.swift in Sources */,
				02CED374270B2FEE006EC23C /* UIView+Image.swift in Sources */,
				0250E51726C0D6C900F976E9 /* PhotosManager.swift in Sources */,
				0250E50A26C0D63000F976E9 /* RootView.swift in Sources */,
				0250E52026C0E4ED00F976E9 /* SettingView.swift in Sources */,
				0250E51E26C0E4D900F976E9 /* AssetListView.swift in Sources */,
				0250E52626C0F99B00F976E9 /* SharedPhoto.swift in Sources */,
				0250E52E26C11B4C00F976E9 /* WidgetIntent.swift in Sources */,
				0250E50826C0D63000F976E9 /* PhotoApp.swift in Sources */,
				0250E54226C128E400F976E9 /* Widget.intentdefinition in Sources */,
			);
			runOnlyForDeploymentPostprocessing = 0;
		};
		0250E53126C128E200F976E9 /* Sources */ = {
			isa = PBXSourcesBuildPhase;
			buildActionMask = 2147483647;
			files = (
				0250E54D26C1349D00F976E9 /* SharedDataStoreManager.swift in Sources */,
				0250E54E26C1349D00F976E9 /* SharedPhoto.swift in Sources */,
				0250E54126C128E400F976E9 /* Widget.intentdefinition in Sources */,
				0250E55526C1746F00F976E9 /* WidgetBundle.swift in Sources */,
				0250E54C26C1349D00F976E9 /* WidgetIntent.swift in Sources */,
				0250E53C26C128E200F976E9 /* Widget.swift in Sources */,
			);
			runOnlyForDeploymentPostprocessing = 0;
		};
		02BCF7D026C8C2EB0015C852 /* Sources */ = {
			isa = PBXSourcesBuildPhase;
			buildActionMask = 2147483647;
			files = (
				02BCF7E126C8C3B30015C852 /* Widget.intentdefinition in Sources */,
				02BCF7E426C8C5580015C852 /* SharedDataStoreManager.swift in Sources */,
				02BCF7E226C8C5580015C852 /* SharedPhoto.swift in Sources */,
				02BCF7D926C8C2EB0015C852 /* IntentHandler.swift in Sources */,
				02BCF7E326C8C5580015C852 /* WidgetIntent.swift in Sources */,
			);
			runOnlyForDeploymentPostprocessing = 0;
		};
/* End PBXSourcesBuildPhase section */

/* Begin PBXTargetDependency section */
		0250E54426C128E400F976E9 /* PBXTargetDependency */ = {
			isa = PBXTargetDependency;
			target = 0250E53426C128E200F976E9 /* WidgetExtension */;
			targetProxy = 0250E54326C128E400F976E9 /* PBXContainerItemProxy */;
		};
		02BCF7DC26C8C2EB0015C852 /* PBXTargetDependency */ = {
			isa = PBXTargetDependency;
			target = 02BCF7D326C8C2EB0015C852 /* Intent */;
			targetProxy = 02BCF7DB26C8C2EB0015C852 /* PBXContainerItemProxy */;
		};
/* End PBXTargetDependency section */

/* Begin XCBuildConfiguration section */
		0250E51126C0D63200F976E9 /* Debug */ = {
			isa = XCBuildConfiguration;
			buildSettings = {
				ALWAYS_SEARCH_USER_PATHS = NO;
				CLANG_ANALYZER_NONNULL = YES;
				CLANG_ANALYZER_NUMBER_OBJECT_CONVERSION = YES_AGGRESSIVE;
				CLANG_CXX_LANGUAGE_STANDARD = "gnu++14";
				CLANG_CXX_LIBRARY = "libc++";
				CLANG_ENABLE_MODULES = YES;
				CLANG_ENABLE_OBJC_ARC = YES;
				CLANG_ENABLE_OBJC_WEAK = YES;
				CLANG_WARN_BLOCK_CAPTURE_AUTORELEASING = YES;
				CLANG_WARN_BOOL_CONVERSION = YES;
				CLANG_WARN_COMMA = YES;
				CLANG_WARN_CONSTANT_CONVERSION = YES;
				CLANG_WARN_DEPRECATED_OBJC_IMPLEMENTATIONS = YES;
				CLANG_WARN_DIRECT_OBJC_ISA_USAGE = YES_ERROR;
				CLANG_WARN_DOCUMENTATION_COMMENTS = YES;
				CLANG_WARN_EMPTY_BODY = YES;
				CLANG_WARN_ENUM_CONVERSION = YES;
				CLANG_WARN_INFINITE_RECURSION = YES;
				CLANG_WARN_INT_CONVERSION = YES;
				CLANG_WARN_NON_LITERAL_NULL_CONVERSION = YES;
				CLANG_WARN_OBJC_IMPLICIT_RETAIN_SELF = YES;
				CLANG_WARN_OBJC_LITERAL_CONVERSION = YES;
				CLANG_WARN_OBJC_ROOT_CLASS = YES_ERROR;
				CLANG_WARN_QUOTED_INCLUDE_IN_FRAMEWORK_HEADER = YES;
				CLANG_WARN_RANGE_LOOP_ANALYSIS = YES;
				CLANG_WARN_STRICT_PROTOTYPES = YES;
				CLANG_WARN_SUSPICIOUS_MOVE = YES;
				CLANG_WARN_UNGUARDED_AVAILABILITY = YES_AGGRESSIVE;
				CLANG_WARN_UNREACHABLE_CODE = YES;
				CLANG_WARN__DUPLICATE_METHOD_MATCH = YES;
				COPY_PHASE_STRIP = NO;
				DEBUG_INFORMATION_FORMAT = dwarf;
				ENABLE_STRICT_OBJC_MSGSEND = YES;
				ENABLE_TESTABILITY = YES;
				GCC_C_LANGUAGE_STANDARD = gnu11;
				GCC_DYNAMIC_NO_PIC = NO;
				GCC_NO_COMMON_BLOCKS = YES;
				GCC_OPTIMIZATION_LEVEL = 0;
				GCC_PREPROCESSOR_DEFINITIONS = (
					"DEBUG=1",
					"$(inherited)",
				);
				GCC_WARN_64_TO_32_BIT_CONVERSION = YES;
				GCC_WARN_ABOUT_RETURN_TYPE = YES_ERROR;
				GCC_WARN_UNDECLARED_SELECTOR = YES;
				GCC_WARN_UNINITIALIZED_AUTOS = YES_AGGRESSIVE;
				GCC_WARN_UNUSED_FUNCTION = YES;
				GCC_WARN_UNUSED_VARIABLE = YES;
				IPHONEOS_DEPLOYMENT_TARGET = 14.5;
				MTL_ENABLE_DEBUG_INFO = INCLUDE_SOURCE;
				MTL_FAST_MATH = YES;
				ONLY_ACTIVE_ARCH = YES;
				SDKROOT = iphoneos;
				SWIFT_ACTIVE_COMPILATION_CONDITIONS = DEBUG;
				SWIFT_OPTIMIZATION_LEVEL = "-Onone";
			};
			name = Debug;
		};
		0250E51226C0D63200F976E9 /* Release */ = {
			isa = XCBuildConfiguration;
			buildSettings = {
				ALWAYS_SEARCH_USER_PATHS = NO;
				CLANG_ANALYZER_NONNULL = YES;
				CLANG_ANALYZER_NUMBER_OBJECT_CONVERSION = YES_AGGRESSIVE;
				CLANG_CXX_LANGUAGE_STANDARD = "gnu++14";
				CLANG_CXX_LIBRARY = "libc++";
				CLANG_ENABLE_MODULES = YES;
				CLANG_ENABLE_OBJC_ARC = YES;
				CLANG_ENABLE_OBJC_WEAK = YES;
				CLANG_WARN_BLOCK_CAPTURE_AUTORELEASING = YES;
				CLANG_WARN_BOOL_CONVERSION = YES;
				CLANG_WARN_COMMA = YES;
				CLANG_WARN_CONSTANT_CONVERSION = YES;
				CLANG_WARN_DEPRECATED_OBJC_IMPLEMENTATIONS = YES;
				CLANG_WARN_DIRECT_OBJC_ISA_USAGE = YES_ERROR;
				CLANG_WARN_DOCUMENTATION_COMMENTS = YES;
				CLANG_WARN_EMPTY_BODY = YES;
				CLANG_WARN_ENUM_CONVERSION = YES;
				CLANG_WARN_INFINITE_RECURSION = YES;
				CLANG_WARN_INT_CONVERSION = YES;
				CLANG_WARN_NON_LITERAL_NULL_CONVERSION = YES;
				CLANG_WARN_OBJC_IMPLICIT_RETAIN_SELF = YES;
				CLANG_WARN_OBJC_LITERAL_CONVERSION = YES;
				CLANG_WARN_OBJC_ROOT_CLASS = YES_ERROR;
				CLANG_WARN_QUOTED_INCLUDE_IN_FRAMEWORK_HEADER = YES;
				CLANG_WARN_RANGE_LOOP_ANALYSIS = YES;
				CLANG_WARN_STRICT_PROTOTYPES = YES;
				CLANG_WARN_SUSPICIOUS_MOVE = YES;
				CLANG_WARN_UNGUARDED_AVAILABILITY = YES_AGGRESSIVE;
				CLANG_WARN_UNREACHABLE_CODE = YES;
				CLANG_WARN__DUPLICATE_METHOD_MATCH = YES;
				COPY_PHASE_STRIP = NO;
				DEBUG_INFORMATION_FORMAT = "dwarf-with-dsym";
				ENABLE_NS_ASSERTIONS = NO;
				ENABLE_STRICT_OBJC_MSGSEND = YES;
				GCC_C_LANGUAGE_STANDARD = gnu11;
				GCC_NO_COMMON_BLOCKS = YES;
				GCC_WARN_64_TO_32_BIT_CONVERSION = YES;
				GCC_WARN_ABOUT_RETURN_TYPE = YES_ERROR;
				GCC_WARN_UNDECLARED_SELECTOR = YES;
				GCC_WARN_UNINITIALIZED_AUTOS = YES_AGGRESSIVE;
				GCC_WARN_UNUSED_FUNCTION = YES;
				GCC_WARN_UNUSED_VARIABLE = YES;
				IPHONEOS_DEPLOYMENT_TARGET = 14.5;
				MTL_ENABLE_DEBUG_INFO = NO;
				MTL_FAST_MATH = YES;
				SDKROOT = iphoneos;
				SWIFT_COMPILATION_MODE = wholemodule;
				SWIFT_OPTIMIZATION_LEVEL = "-O";
				VALIDATE_PRODUCT = YES;
			};
			name = Release;
		};
		0250E51426C0D63200F976E9 /* Debug */ = {
			isa = XCBuildConfiguration;
			buildSettings = {
				ALWAYS_EMBED_SWIFT_STANDARD_LIBRARIES = YES;
				ASSETCATALOG_COMPILER_APPICON_NAME = AppIcon;
				ASSETCATALOG_COMPILER_GLOBAL_ACCENT_COLOR_NAME = AccentColor;
				ASSETCATALOG_COMPILER_INCLUDE_ALL_APPICON_ASSETS = NO;
				CODE_SIGN_ENTITLEMENTS = Photo/Photo.entitlements;
				CODE_SIGN_IDENTITY = "Apple Development";
				CODE_SIGN_STYLE = Automatic;
				DEVELOPMENT_ASSET_PATHS = "\"Photo/Preview Content\"";
				DEVELOPMENT_TEAM = 39KF2M8S75;
				ENABLE_PREVIEWS = YES;
				INFOPLIST_FILE = "$(SRCROOT)/Photo/Info.plist";
				IPHONEOS_DEPLOYMENT_TARGET = 14.0;
				LD_RUNPATH_SEARCH_PATHS = (
					"$(inherited)",
					"@executable_path/Frameworks",
				);
				PRODUCT_BUNDLE_IDENTIFIER = app.akiho.photos;
				PRODUCT_NAME = "$(TARGET_NAME)";
				PROVISIONING_PROFILE_SPECIFIER = "";
				SWIFT_VERSION = 5.0;
				TARGETED_DEVICE_FAMILY = 1;
			};
			name = Debug;
		};
		0250E51526C0D63200F976E9 /* Release */ = {
			isa = XCBuildConfiguration;
			buildSettings = {
				ALWAYS_EMBED_SWIFT_STANDARD_LIBRARIES = YES;
				ASSETCATALOG_COMPILER_APPICON_NAME = AppIcon;
				ASSETCATALOG_COMPILER_GLOBAL_ACCENT_COLOR_NAME = AccentColor;
				ASSETCATALOG_COMPILER_INCLUDE_ALL_APPICON_ASSETS = NO;
				CODE_SIGN_ENTITLEMENTS = Photo/Photo.entitlements;
				CODE_SIGN_IDENTITY = "Apple Development";
				CODE_SIGN_STYLE = Automatic;
				DEVELOPMENT_ASSET_PATHS = "\"Photo/Preview Content\"";
				DEVELOPMENT_TEAM = 39KF2M8S75;
				ENABLE_PREVIEWS = YES;
				INFOPLIST_FILE = "$(SRCROOT)/Photo/Info.plist";
				IPHONEOS_DEPLOYMENT_TARGET = 14.0;
				LD_RUNPATH_SEARCH_PATHS = (
					"$(inherited)",
					"@executable_path/Frameworks",
				);
				PRODUCT_BUNDLE_IDENTIFIER = app.akiho.photos;
				PRODUCT_NAME = "$(TARGET_NAME)";
				PROVISIONING_PROFILE_SPECIFIER = "";
				SWIFT_VERSION = 5.0;
				TARGETED_DEVICE_FAMILY = 1;
			};
			name = Release;
		};
		0250E54726C128E400F976E9 /* Debug */ = {
			isa = XCBuildConfiguration;
			buildSettings = {
				ASSETCATALOG_COMPILER_GLOBAL_ACCENT_COLOR_NAME = AccentColor;
				ASSETCATALOG_COMPILER_WIDGET_BACKGROUND_COLOR_NAME = WidgetBackground;
				CODE_SIGN_ENTITLEMENTS = WidgetExtension.entitlements;
				CODE_SIGN_IDENTITY = "iPhone Developer";
				CODE_SIGN_STYLE = Automatic;
				DEVELOPMENT_TEAM = 39KF2M8S75;
				INFOPLIST_FILE = Widget/Info.plist;
				LD_RUNPATH_SEARCH_PATHS = (
					"$(inherited)",
					"@executable_path/Frameworks",
					"@executable_path/../../Frameworks",
				);
				PRODUCT_BUNDLE_IDENTIFIER = app.akiho.photos.Widget;
				PRODUCT_NAME = "$(TARGET_NAME)";
				SKIP_INSTALL = YES;
				SWIFT_VERSION = 5.0;
				TARGETED_DEVICE_FAMILY = 1;
			};
			name = Debug;
		};
		0250E54826C128E400F976E9 /* Release */ = {
			isa = XCBuildConfiguration;
			buildSettings = {
				ASSETCATALOG_COMPILER_GLOBAL_ACCENT_COLOR_NAME = AccentColor;
				ASSETCATALOG_COMPILER_WIDGET_BACKGROUND_COLOR_NAME = WidgetBackground;
				CODE_SIGN_ENTITLEMENTS = WidgetExtension.entitlements;
				CODE_SIGN_IDENTITY = "iPhone Developer";
				CODE_SIGN_STYLE = Automatic;
				DEVELOPMENT_TEAM = 39KF2M8S75;
				INFOPLIST_FILE = Widget/Info.plist;
				LD_RUNPATH_SEARCH_PATHS = (
					"$(inherited)",
					"@executable_path/Frameworks",
					"@executable_path/../../Frameworks",
				);
				PRODUCT_BUNDLE_IDENTIFIER = app.akiho.photos.Widget;
				PRODUCT_NAME = "$(TARGET_NAME)";
				SKIP_INSTALL = YES;
				SWIFT_VERSION = 5.0;
				TARGETED_DEVICE_FAMILY = 1;
			};
			name = Release;
		};
		02BCF7DE26C8C2EB0015C852 /* Debug */ = {
			isa = XCBuildConfiguration;
			buildSettings = {
				CODE_SIGN_IDENTITY = "Apple Development";
				CODE_SIGN_STYLE = Automatic;
				DEVELOPMENT_TEAM = 39KF2M8S75;
				INFOPLIST_FILE = Intent/Info.plist;
				LD_RUNPATH_SEARCH_PATHS = (
					"$(inherited)",
					"@executable_path/Frameworks",
					"@executable_path/../../Frameworks",
				);
				PRODUCT_BUNDLE_IDENTIFIER = app.akiho.photos.Intent;
				PRODUCT_NAME = "$(TARGET_NAME)";
				SKIP_INSTALL = YES;
				SWIFT_VERSION = 5.0;
				TARGETED_DEVICE_FAMILY = 1;
			};
			name = Debug;
		};
		02BCF7DF26C8C2EB0015C852 /* Release */ = {
			isa = XCBuildConfiguration;
			buildSettings = {
				CODE_SIGN_IDENTITY = "Apple Development";
				CODE_SIGN_STYLE = Automatic;
				DEVELOPMENT_TEAM = 39KF2M8S75;
				INFOPLIST_FILE = Intent/Info.plist;
				LD_RUNPATH_SEARCH_PATHS = (
					"$(inherited)",
					"@executable_path/Frameworks",
					"@executable_path/../../Frameworks",
				);
				PRODUCT_BUNDLE_IDENTIFIER = app.akiho.photos.Intent;
				PRODUCT_NAME = "$(TARGET_NAME)";
				SKIP_INSTALL = YES;
				SWIFT_VERSION = 5.0;
				TARGETED_DEVICE_FAMILY = 1;
			};
			name = Release;
		};
/* End XCBuildConfiguration section */

/* Begin XCConfigurationList section */
		0250E4FF26C0D63000F976E9 /* Build configuration list for PBXProject "Photo" */ = {
			isa = XCConfigurationList;
			buildConfigurations = (
				0250E51126C0D63200F976E9 /* Debug */,
				0250E51226C0D63200F976E9 /* Release */,
			);
			defaultConfigurationIsVisible = 0;
			defaultConfigurationName = Release;
		};
		0250E51326C0D63200F976E9 /* Build configuration list for PBXNativeTarget "Photo" */ = {
			isa = XCConfigurationList;
			buildConfigurations = (
				0250E51426C0D63200F976E9 /* Debug */,
				0250E51526C0D63200F976E9 /* Release */,
			);
			defaultConfigurationIsVisible = 0;
			defaultConfigurationName = Release;
		};
		0250E54626C128E400F976E9 /* Build configuration list for PBXNativeTarget "WidgetExtension" */ = {
			isa = XCConfigurationList;
			buildConfigurations = (
				0250E54726C128E400F976E9 /* Debug */,
				0250E54826C128E400F976E9 /* Release */,
			);
			defaultConfigurationIsVisible = 0;
			defaultConfigurationName = Release;
		};
		02BCF7E026C8C2EB0015C852 /* Build configuration list for PBXNativeTarget "Intent" */ = {
			isa = XCConfigurationList;
			buildConfigurations = (
				02BCF7DE26C8C2EB0015C852 /* Debug */,
				02BCF7DF26C8C2EB0015C852 /* Release */,
			);
			defaultConfigurationIsVisible = 0;
			defaultConfigurationName = Release;
		};
/* End XCConfigurationList section */

/* Begin XCRemoteSwiftPackageReference section */
		0250E51A26C0D92F00F976E9 /* XCRemoteSwiftPackageReference "swift-composable-architecture" */ = {
			isa = XCRemoteSwiftPackageReference;
			repositoryURL = "https://github.com/pointfreeco/swift-composable-architecture.git";
			requirement = {
				kind = upToNextMajorVersion;
				minimumVersion = 0.23.0;
			};
		};
		0250E52726C103E600F976E9 /* XCRemoteSwiftPackageReference "realm-cocoa" */ = {
			isa = XCRemoteSwiftPackageReference;
			repositoryURL = "https://github.com/realm/realm-cocoa.git";
			requirement = {
				kind = upToNextMajorVersion;
				minimumVersion = 10.12.0;
			};
		};
		02CED36F270B0F10006EC23C /* XCRemoteSwiftPackageReference "SDWebImageSwiftUI" */ = {
			isa = XCRemoteSwiftPackageReference;
			repositoryURL = "https://github.com/SDWebImage/SDWebImageSwiftUI.git";
			requirement = {
				kind = upToNextMajorVersion;
				minimumVersion = 2.0.0;
			};
		};
/* End XCRemoteSwiftPackageReference section */

/* Begin XCSwiftPackageProductDependency section */
		0250E51B26C0D92F00F976E9 /* ComposableArchitecture */ = {
			isa = XCSwiftPackageProductDependency;
			package = 0250E51A26C0D92F00F976E9 /* XCRemoteSwiftPackageReference "swift-composable-architecture" */;
			productName = ComposableArchitecture;
		};
		0250E52926C1050C00F976E9 /* Realm */ = {
			isa = XCSwiftPackageProductDependency;
			package = 0250E52726C103E600F976E9 /* XCRemoteSwiftPackageReference "realm-cocoa" */;
			productName = Realm;
		};
		0250E52B26C1050C00F976E9 /* RealmSwift */ = {
			isa = XCSwiftPackageProductDependency;
			package = 0250E52726C103E600F976E9 /* XCRemoteSwiftPackageReference "realm-cocoa" */;
			productName = RealmSwift;
		};
		0250E54F26C1359400F976E9 /* Realm */ = {
			isa = XCSwiftPackageProductDependency;
			package = 0250E52726C103E600F976E9 /* XCRemoteSwiftPackageReference "realm-cocoa" */;
			productName = Realm;
		};
		0250E55126C1359400F976E9 /* RealmSwift */ = {
			isa = XCSwiftPackageProductDependency;
			package = 0250E52726C103E600F976E9 /* XCRemoteSwiftPackageReference "realm-cocoa" */;
			productName = RealmSwift;
		};
		02BCF7E526C8CDFD0015C852 /* Realm */ = {
			isa = XCSwiftPackageProductDependency;
			package = 0250E52726C103E600F976E9 /* XCRemoteSwiftPackageReference "realm-cocoa" */;
			productName = Realm;
		};
		02BCF7E726C8CDFD0015C852 /* RealmSwift */ = {
			isa = XCSwiftPackageProductDependency;
			package = 0250E52726C103E600F976E9 /* XCRemoteSwiftPackageReference "realm-cocoa" */;
			productName = RealmSwift;
		};
		02CED370270B0F10006EC23C /* SDWebImageSwiftUI */ = {
			isa = XCSwiftPackageProductDependency;
			package = 02CED36F270B0F10006EC23C /* XCRemoteSwiftPackageReference "SDWebImageSwiftUI" */;
			productName = SDWebImageSwiftUI;
		};
/* End XCSwiftPackageProductDependency section */
	};
	rootObject = 0250E4FC26C0D63000F976E9 /* Project object */;
}
